
Microsoft Visual Studio Solution File, Format Version 12.00
# Visual Studio Version 17
VisualStudioVersion = 17.9.34723.18
MinimumVisualStudioVersion = 10.0.40219.1
Project("{FAE04EC0-301F-11D3-BF4B-00C04F79EFBC}") = "UsersBlazorApp.Data", "UsersBlazorApp.Data\UsersBlazorApp.Data.csproj", "{E5E32F16-0E60-4220-AC08-CB620A74D2F6}"
EndProject
Project("{FAE04EC0-301F-11D3-BF4B-00C04F79EFBC}") = "UserBlazorApp.UI", "UserBlazorApp.UI\UserBlazorApp.UI.csproj", "{DB076C84-BB7E-4451-AE0F-2844558DA249}"
EndProject
Project("{FAE04EC0-301F-11D3-BF4B-00C04F79EFBC}") = "UserBlazorApp.API", "UserBlazorApp.API\UserBlazorApp.API.csproj", "{26790B62-3708-46D7-B548-50099F02B076}"
EndProject
Global
	GlobalSection(SolutionConfigurationPlatforms) = preSolution
		Debug|Any CPU = Debug|Any CPU
		Release|Any CPU = Release|Any CPU
	EndGlobalSection
	GlobalSection(ProjectConfigurationPlatforms) = postSolution
		{E5E32F16-0E60-4220-AC08-CB620A74D2F6}.Debug|Any CPU.ActiveCfg = Debug|Any CPU
		{E5E32F16-0E60-4220-AC08-CB620A74D2F6}.Debug|Any CPU.Build.0 = Debug|Any CPU
		{E5E32F16-0E60-4220-AC08-CB620A74D2F6}.Release|Any CPU.ActiveCfg = Release|Any CPU
		{E5E32F16-0E60-4220-AC08-CB620A74D2F6}.Release|Any CPU.Build.0 = Release|Any CPU
		{DB076C84-BB7E-4451-AE0F-2844558DA249}.Debug|Any CPU.ActiveCfg = Debug|Any CPU
		{DB076C84-BB7E-4451-AE0F-2844558DA249}.Debug|Any CPU.Build.0 = Debug|Any CPU
		{DB076C84-BB7E-4451-AE0F-2844558DA249}.Release|Any CPU.ActiveCfg = Release|Any CPU
		{DB076C84-BB7E-4451-AE0F-2844558DA249}.Release|Any CPU.Build.0 = Release|Any CPU
		{26790B62-3708-46D7-B548-50099F02B076}.Debug|Any CPU.ActiveCfg = Debug|Any CPU
		{26790B62-3708-46D7-B548-50099F02B076}.Debug|Any CPU.Build.0 = Debug|Any CPU
		{26790B62-3708-46D7-B548-50099F02B076}.Release|Any CPU.ActiveCfg = Release|Any CPU
		{26790B62-3708-46D7-B548-50099F02B076}.Release|Any CPU.Build.0 = Release|Any CPU
	EndGlobalSection
	GlobalSection(SolutionProperties) = preSolution
		HideSolutionNode = FALSE
	EndGlobalSection
	GlobalSection(ExtensibilityGlobals) = postSolution
		SolutionGuid = {CCC2B241-6788-400E-9474-A00B3F9ADCCA}
	EndGlobalSection
EndGlobal
